// !$*UTF8*$!
{
	archiveVersion = 1;
	classes = {
	};
	objectVersion = 46;
	objects = {

/* Begin PBXBuildFile section */
		08E82146E3A245B5AD953817 /* libPods-Camera360.a in Frameworks */ = {isa = PBXBuildFile; fileRef = 3A6F9C689900A1E6C87E5A6C /* libPods-Camera360.a */; };
		6B4F89421E6E47C600E39F08 /* main.m in Sources */ = {isa = PBXBuildFile; fileRef = 6B4F89411E6E47C600E39F08 /* main.m */; };
		6B4F89451E6E47C600E39F08 /* AppDelegate.m in Sources */ = {isa = PBXBuildFile; fileRef = 6B4F89441E6E47C600E39F08 /* AppDelegate.m */; };
		6B4F894D1E6E47C600E39F08 /* Assets.xcassets in Resources */ = {isa = PBXBuildFile; fileRef = 6B4F894C1E6E47C600E39F08 /* Assets.xcassets */; };
		6B4F89501E6E47C600E39F08 /* LaunchScreen.storyboard in Resources */ = {isa = PBXBuildFile; fileRef = 6B4F894E1E6E47C600E39F08 /* LaunchScreen.storyboard */; };
		6B4F89931E6E49B400E39F08 /* LDBaseViewController.m in Sources */ = {isa = PBXBuildFile; fileRef = 6B4F89921E6E49B400E39F08 /* LDBaseViewController.m */; };
		6B4F89961E6E49CB00E39F08 /* LDNavigationController.m in Sources */ = {isa = PBXBuildFile; fileRef = 6B4F89951E6E49CB00E39F08 /* LDNavigationController.m */; };
		6B4F899C1E6E49FE00E39F08 /* LDTabBarController.m in Sources */ = {isa = PBXBuildFile; fileRef = 6B4F899B1E6E49FE00E39F08 /* LDTabBarController.m */; };
		6B4F89A21E6E4A2600E39F08 /* LDHomePageController.m in Sources */ = {isa = PBXBuildFile; fileRef = 6B4F89A11E6E4A2600E39F08 /* LDHomePageController.m */; };
		6B4F89A51E6E4A3700E39F08 /* LDMessageController.m in Sources */ = {isa = PBXBuildFile; fileRef = 6B4F89A41E6E4A3700E39F08 /* LDMessageController.m */; };
		6B4F89A81E6E4A4800E39F08 /* LDMyController.m in Sources */ = {isa = PBXBuildFile; fileRef = 6B4F89A71E6E4A4800E39F08 /* LDMyController.m */; };
		6B4F89AB1E6E4A6200E39F08 /* LDPlazaController.m in Sources */ = {isa = PBXBuildFile; fileRef = 6B4F89AA1E6E4A6200E39F08 /* LDPlazaController.m */; };
		6B4F89AE1E6E4A7300E39F08 /* LDPostController.m in Sources */ = {isa = PBXBuildFile; fileRef = 6B4F89AD1E6E4A7300E39F08 /* LDPostController.m */; };
		6B4F89B51E6E4B4100E39F08 /* ZPHMethodSwizzling.m in Sources */ = {isa = PBXBuildFile; fileRef = 6B4F89B41E6E4B4100E39F08 /* ZPHMethodSwizzling.m */; };
		6B4F89B81E6E4D8E00E39F08 /* LDTabBar.m in Sources */ = {isa = PBXBuildFile; fileRef = 6B4F89B71E6E4D8E00E39F08 /* LDTabBar.m */; };
		6B4F89BB1E6E4DEF00E39F08 /* UIView+Extension.m in Sources */ = {isa = PBXBuildFile; fileRef = 6B4F89BA1E6E4DEF00E39F08 /* UIView+Extension.m */; };
		6B4F89C01E6E603000E39F08 /* CHTCollectionViewWaterfallLayout.m in Sources */ = {isa = PBXBuildFile; fileRef = 6B4F89BF1E6E603000E39F08 /* CHTCollectionViewWaterfallLayout.m */; };
		6B4F89C21E6E646000E39F08 /* layout.plist in Resources */ = {isa = PBXBuildFile; fileRef = 6B4F89C11E6E646000E39F08 /* layout.plist */; };
		6B4F89C81E6E77CE00E39F08 /* LDPlazaCell.m in Sources */ = {isa = PBXBuildFile; fileRef = 6B4F89C71E6E77CE00E39F08 /* LDPlazaCell.m */; };
		6B4F89CC1E6E782300E39F08 /* LDIdentifierNames.m in Sources */ = {isa = PBXBuildFile; fileRef = 6B4F89CB1E6E782300E39F08 /* LDIdentifierNames.m */; };
		6B4F89CF1E6E7A4700E39F08 /* LDPlazaItemModel.m in Sources */ = {isa = PBXBuildFile; fileRef = 6B4F89CE1E6E7A4700E39F08 /* LDPlazaItemModel.m */; };
		6B4F89D31E6E7D2600E39F08 /* LDPlazaCollectionCell.m in Sources */ = {isa = PBXBuildFile; fileRef = 6B4F89D11E6E7D2600E39F08 /* LDPlazaCollectionCell.m */; };
		6B4F89D41E6E7D2600E39F08 /* LDPlazaCollectionCell.xib in Resources */ = {isa = PBXBuildFile; fileRef = 6B4F89D21E6E7D2600E39F08 /* LDPlazaCollectionCell.xib */; };
		6B4F89D81E6E869200E39F08 /* LDPlazaCell.xib in Resources */ = {isa = PBXBuildFile; fileRef = 6B4F89D71E6E869200E39F08 /* LDPlazaCell.xib */; };
		6B4F89DD1E6E897800E39F08 /* test_icon.png in Resources */ = {isa = PBXBuildFile; fileRef = 6B4F89DC1E6E897800E39F08 /* test_icon.png */; };
		6B4F89DF1E6E8A3900E39F08 /* banner_bestie@2x.jpg in Resources */ = {isa = PBXBuildFile; fileRef = 6B4F89DE1E6E8A3900E39F08 /* banner_bestie@2x.jpg */; };
		6B4F89E21E6E8A7400E39F08 /* afterEditView_find_more@2x.png in Resources */ = {isa = PBXBuildFile; fileRef = 6B4F89E01E6E8A7400E39F08 /* afterEditView_find_more@2x.png */; };
		6B4F89E31E6E8A7400E39F08 /* afterEditView_find_more@3x.png in Resources */ = {isa = PBXBuildFile; fileRef = 6B4F89E11E6E8A7400E39F08 /* afterEditView_find_more@3x.png */; };
		6B4F89E61E6E8AD200E39F08 /* LDPlazaHeaderView.m in Sources */ = {isa = PBXBuildFile; fileRef = 6B4F89E51E6E8AD200E39F08 /* LDPlazaHeaderView.m */; };
		6B4F89E81E6E8ADA00E39F08 /* LDPlazaHeaderView.xib in Resources */ = {isa = PBXBuildFile; fileRef = 6B4F89E71E6E8ADA00E39F08 /* LDPlazaHeaderView.xib */; };
		6B4F89EB1E6E999900E39F08 /* LDPlazaFooterView.m in Sources */ = {isa = PBXBuildFile; fileRef = 6B4F89EA1E6E999900E39F08 /* LDPlazaFooterView.m */; };
		6B4F89F01E6E9DD700E39F08 /* FMRefreshAutoFooter.m in Sources */ = {isa = PBXBuildFile; fileRef = 6B4F89EF1E6E9DD700E39F08 /* FMRefreshAutoFooter.m */; };
		6B6B26681E6FF91E00209D30 /* UINavigationBar+Awesome.m in Sources */ = {isa = PBXBuildFile; fileRef = 6B6B265A1E6FF91E00209D30 /* UINavigationBar+Awesome.m */; };
		6B6B26691E6FF91E00209D30 /* UINavigationController+FDFullscreenPopGesture.m in Sources */ = {isa = PBXBuildFile; fileRef = 6B6B265C1E6FF91E00209D30 /* UINavigationController+FDFullscreenPopGesture.m */; };
		6B6B266A1E6FF91E00209D30 /* TYBasePageTabBar.m in Sources */ = {isa = PBXBuildFile; fileRef = 6B6B265F1E6FF91E00209D30 /* TYBasePageTabBar.m */; };
		6B6B266B1E6FF91E00209D30 /* TYSlidePageScrollView.m in Sources */ = {isa = PBXBuildFile; fileRef = 6B6B26611E6FF91E00209D30 /* TYSlidePageScrollView.m */; };
		6B6B266C1E6FF91E00209D30 /* TYSlidePageScrollViewController.m in Sources */ = {isa = PBXBuildFile; fileRef = 6B6B26631E6FF91E00209D30 /* TYSlidePageScrollViewController.m */; };
		6B6B266D1E6FF91E00209D30 /* TYTitlePageTabBar.m in Sources */ = {isa = PBXBuildFile; fileRef = 6B6B26651E6FF91E00209D30 /* TYTitlePageTabBar.m */; };
		6B6B266E1E6FF91E00209D30 /* UIScrollView+ty_swizzle.m in Sources */ = {isa = PBXBuildFile; fileRef = 6B6B26671E6FF91E00209D30 /* UIScrollView+ty_swizzle.m */; };
		6B6B26711E6FF95600209D30 /* LDTestTableViewController.m in Sources */ = {isa = PBXBuildFile; fileRef = 6B6B26701E6FF95600209D30 /* LDTestTableViewController.m */; };
		6B6B26741E6FF96400209D30 /* LDTestCollectionViewController.m in Sources */ = {isa = PBXBuildFile; fileRef = 6B6B26731E6FF96400209D30 /* LDTestCollectionViewController.m */; };
		6B6B268E1E70040500209D30 /* test_image.png in Resources */ = {isa = PBXBuildFile; fileRef = 6B6B268D1E70040500209D30 /* test_image.png */; };
		6B6B26931E700DE300209D30 /* UIImage+LaunchImage.m in Sources */ = {isa = PBXBuildFile; fileRef = 6B6B26921E700DE300209D30 /* UIImage+LaunchImage.m */; };
		6B6B26981E700E3D00209D30 /* LaunchImage-700-568h@2x.png in Resources */ = {isa = PBXBuildFile; fileRef = 6B6B26941E700E3D00209D30 /* LaunchImage-700-568h@2x.png */; };
		6B6B26991E700E3D00209D30 /* LaunchImage-700@2x.png in Resources */ = {isa = PBXBuildFile; fileRef = 6B6B26951E700E3D00209D30 /* LaunchImage-700@2x.png */; };
		6B6B269A1E700E3D00209D30 /* LaunchImage@2x.png in Resources */ = {isa = PBXBuildFile; fileRef = 6B6B26961E700E3D00209D30 /* LaunchImage@2x.png */; };
		6B6B269B1E700E3D00209D30 /* LaunchImage@3x.png in Resources */ = {isa = PBXBuildFile; fileRef = 6B6B26971E700E3D00209D30 /* LaunchImage@3x.png */; };
		6B6B269E1E700E8500209D30 /* LDLaunchView.m in Sources */ = {isa = PBXBuildFile; fileRef = 6B6B269D1E700E8500209D30 /* LDLaunchView.m */; };
		6B6B26A41E7012CA00209D30 /* LDLaunchViewManager.m in Sources */ = {isa = PBXBuildFile; fileRef = 6B6B26A31E7012CA00209D30 /* LDLaunchViewManager.m */; };
		6B6B26A71E70132200209D30 /* LDAdWebViewController.m in Sources */ = {isa = PBXBuildFile; fileRef = 6B6B26A61E70132200209D30 /* LDAdWebViewController.m */; };
		6B6B26AA1E70134300209D30 /* LDAdModel.m in Sources */ = {isa = PBXBuildFile; fileRef = 6B6B26A91E70134300209D30 /* LDAdModel.m */; };
		6B6B26AD1E7013E800209D30 /* LDWebViewProgressView.m in Sources */ = {isa = PBXBuildFile; fileRef = 6B6B26AC1E7013E800209D30 /* LDWebViewProgressView.m */; };
		6BAE3ABF1EF0D573000D93E1 /* Caculate.m in Sources */ = {isa = PBXBuildFile; fileRef = 6BAE3ABC1EF0D573000D93E1 /* Caculate.m */; };
		6BAE3AC01EF0D573000D93E1 /* CaculateMake.m in Sources */ = {isa = PBXBuildFile; fileRef = 6BAE3ABE1EF0D573000D93E1 /* CaculateMake.m */; };
/* End PBXBuildFile section */

/* Begin PBXFileReference section */
		1F90D83245CCE01D9A8B992B /* Pods-Camera360.debug.xcconfig */ = {isa = PBXFileReference; includeInIndex = 1; lastKnownFileType = text.xcconfig; name = "Pods-Camera360.debug.xcconfig"; path = "Pods/Target Support Files/Pods-Camera360/Pods-Camera360.debug.xcconfig"; sourceTree = "<group>"; };
		3A6F9C689900A1E6C87E5A6C /* libPods-Camera360.a */ = {isa = PBXFileReference; explicitFileType = archive.ar; includeInIndex = 0; path = "libPods-Camera360.a"; sourceTree = BUILT_PRODUCTS_DIR; };
		6B4F893D1E6E47C600E39F08 /* Camera360.app */ = {isa = PBXFileReference; explicitFileType = wrapper.application; includeInIndex = 0; path = Camera360.app; sourceTree = BUILT_PRODUCTS_DIR; };
		6B4F89411E6E47C600E39F08 /* main.m */ = {isa = PBXFileReference; lastKnownFileType = sourcecode.c.objc; path = main.m; sourceTree = "<group>"; };
		6B4F89431E6E47C600E39F08 /* AppDelegate.h */ = {isa = PBXFileReference; lastKnownFileType = sourcecode.c.h; name = AppDelegate.h; path = ../../../AppDelegate.h; sourceTree = "<group>"; };
		6B4F89441E6E47C600E39F08 /* AppDelegate.m */ = {isa = PBXFileReference; lastKnownFileType = sourcecode.c.objc; name = AppDelegate.m; path = ../../../AppDelegate.m; sourceTree = "<group>"; };
		6B4F894C1E6E47C600E39F08 /* Assets.xcassets */ = {isa = PBXFileReference; lastKnownFileType = folder.assetcatalog; path = Assets.xcassets; sourceTree = "<group>"; };
		6B4F894F1E6E47C600E39F08 /* Base */ = {isa = PBXFileReference; lastKnownFileType = file.storyboard; name = Base; path = Base.lproj/LaunchScreen.storyboard; sourceTree = "<group>"; };
		6B4F89511E6E47C600E39F08 /* Info.plist */ = {isa = PBXFileReference; lastKnownFileType = text.plist.xml; path = Info.plist; sourceTree = "<group>"; };
		6B4F89911E6E49B400E39F08 /* LDBaseViewController.h */ = {isa = PBXFileReference; fileEncoding = 4; lastKnownFileType = sourcecode.c.h; path = LDBaseViewController.h; sourceTree = "<group>"; };
		6B4F89921E6E49B400E39F08 /* LDBaseViewController.m */ = {isa = PBXFileReference; fileEncoding = 4; lastKnownFileType = sourcecode.c.objc; path = LDBaseViewController.m; sourceTree = "<group>"; };
		6B4F89941E6E49CB00E39F08 /* LDNavigationController.h */ = {isa = PBXFileReference; fileEncoding = 4; lastKnownFileType = sourcecode.c.h; path = LDNavigationController.h; sourceTree = "<group>"; };
		6B4F89951E6E49CB00E39F08 /* LDNavigationController.m */ = {isa = PBXFileReference; fileEncoding = 4; lastKnownFileType = sourcecode.c.objc; path = LDNavigationController.m; sourceTree = "<group>"; };
		6B4F899A1E6E49FE00E39F08 /* LDTabBarController.h */ = {isa = PBXFileReference; fileEncoding = 4; lastKnownFileType = sourcecode.c.h; path = LDTabBarController.h; sourceTree = "<group>"; };
		6B4F899B1E6E49FE00E39F08 /* LDTabBarController.m */ = {isa = PBXFileReference; fileEncoding = 4; lastKnownFileType = sourcecode.c.objc; path = LDTabBarController.m; sourceTree = "<group>"; };
		6B4F89A01E6E4A2600E39F08 /* LDHomePageController.h */ = {isa = PBXFileReference; fileEncoding = 4; lastKnownFileType = sourcecode.c.h; path = LDHomePageController.h; sourceTree = "<group>"; };
		6B4F89A11E6E4A2600E39F08 /* LDHomePageController.m */ = {isa = PBXFileReference; fileEncoding = 4; lastKnownFileType = sourcecode.c.objc; path = LDHomePageController.m; sourceTree = "<group>"; };
		6B4F89A31E6E4A3700E39F08 /* LDMessageController.h */ = {isa = PBXFileReference; fileEncoding = 4; lastKnownFileType = sourcecode.c.h; path = LDMessageController.h; sourceTree = "<group>"; };
		6B4F89A41E6E4A3700E39F08 /* LDMessageController.m */ = {isa = PBXFileReference; fileEncoding = 4; lastKnownFileType = sourcecode.c.objc; path = LDMessageController.m; sourceTree = "<group>"; };
		6B4F89A61E6E4A4800E39F08 /* LDMyController.h */ = {isa = PBXFileReference; fileEncoding = 4; lastKnownFileType = sourcecode.c.h; path = LDMyController.h; sourceTree = "<group>"; };
		6B4F89A71E6E4A4800E39F08 /* LDMyController.m */ = {isa = PBXFileReference; fileEncoding = 4; lastKnownFileType = sourcecode.c.objc; path = LDMyController.m; sourceTree = "<group>"; };
		6B4F89A91E6E4A6200E39F08 /* LDPlazaController.h */ = {isa = PBXFileReference; fileEncoding = 4; lastKnownFileType = sourcecode.c.h; path = LDPlazaController.h; sourceTree = "<group>"; };
		6B4F89AA1E6E4A6200E39F08 /* LDPlazaController.m */ = {isa = PBXFileReference; fileEncoding = 4; lastKnownFileType = sourcecode.c.objc; path = LDPlazaController.m; sourceTree = "<group>"; };
		6B4F89AC1E6E4A7300E39F08 /* LDPostController.h */ = {isa = PBXFileReference; fileEncoding = 4; lastKnownFileType = sourcecode.c.h; path = LDPostController.h; sourceTree = "<group>"; };
		6B4F89AD1E6E4A7300E39F08 /* LDPostController.m */ = {isa = PBXFileReference; fileEncoding = 4; lastKnownFileType = sourcecode.c.objc; path = LDPostController.m; sourceTree = "<group>"; };
		6B4F89B31E6E4B4100E39F08 /* ZPHMethodSwizzling.h */ = {isa = PBXFileReference; fileEncoding = 4; lastKnownFileType = sourcecode.c.h; path = ZPHMethodSwizzling.h; sourceTree = "<group>"; };
		6B4F89B41E6E4B4100E39F08 /* ZPHMethodSwizzling.m */ = {isa = PBXFileReference; fileEncoding = 4; lastKnownFileType = sourcecode.c.objc; path = ZPHMethodSwizzling.m; sourceTree = "<group>"; };
		6B4F89B61E6E4D8E00E39F08 /* LDTabBar.h */ = {isa = PBXFileReference; fileEncoding = 4; lastKnownFileType = sourcecode.c.h; path = LDTabBar.h; sourceTree = "<group>"; };
		6B4F89B71E6E4D8E00E39F08 /* LDTabBar.m */ = {isa = PBXFileReference; fileEncoding = 4; lastKnownFileType = sourcecode.c.objc; path = LDTabBar.m; sourceTree = "<group>"; };
		6B4F89B91E6E4DEF00E39F08 /* UIView+Extension.h */ = {isa = PBXFileReference; fileEncoding = 4; lastKnownFileType = sourcecode.c.h; path = "UIView+Extension.h"; sourceTree = "<group>"; };
		6B4F89BA1E6E4DEF00E39F08 /* UIView+Extension.m */ = {isa = PBXFileReference; fileEncoding = 4; lastKnownFileType = sourcecode.c.objc; path = "UIView+Extension.m"; sourceTree = "<group>"; };
		6B4F89BC1E6E4E3100E39F08 /* PrefixHeader.pch */ = {isa = PBXFileReference; lastKnownFileType = sourcecode.c.h; path = PrefixHeader.pch; sourceTree = "<group>"; };
		6B4F89BE1E6E603000E39F08 /* CHTCollectionViewWaterfallLayout.h */ = {isa = PBXFileReference; fileEncoding = 4; lastKnownFileType = sourcecode.c.h; path = CHTCollectionViewWaterfallLayout.h; sourceTree = "<group>"; };
		6B4F89BF1E6E603000E39F08 /* CHTCollectionViewWaterfallLayout.m */ = {isa = PBXFileReference; fileEncoding = 4; lastKnownFileType = sourcecode.c.objc; path = CHTCollectionViewWaterfallLayout.m; sourceTree = "<group>"; };
		6B4F89C11E6E646000E39F08 /* layout.plist */ = {isa = PBXFileReference; fileEncoding = 4; lastKnownFileType = text.plist.xml; path = layout.plist; sourceTree = "<group>"; };
		6B4F89C61E6E77CE00E39F08 /* LDPlazaCell.h */ = {isa = PBXFileReference; fileEncoding = 4; lastKnownFileType = sourcecode.c.h; path = LDPlazaCell.h; sourceTree = "<group>"; };
		6B4F89C71E6E77CE00E39F08 /* LDPlazaCell.m */ = {isa = PBXFileReference; fileEncoding = 4; lastKnownFileType = sourcecode.c.objc; path = LDPlazaCell.m; sourceTree = "<group>"; };
		6B4F89CA1E6E782300E39F08 /* LDIdentifierNames.h */ = {isa = PBXFileReference; fileEncoding = 4; lastKnownFileType = sourcecode.c.h; path = LDIdentifierNames.h; sourceTree = "<group>"; };
		6B4F89CB1E6E782300E39F08 /* LDIdentifierNames.m */ = {isa = PBXFileReference; fileEncoding = 4; lastKnownFileType = sourcecode.c.objc; path = LDIdentifierNames.m; sourceTree = "<group>"; };
		6B4F89CD1E6E7A4700E39F08 /* LDPlazaItemModel.h */ = {isa = PBXFileReference; fileEncoding = 4; lastKnownFileType = sourcecode.c.h; path = LDPlazaItemModel.h; sourceTree = "<group>"; };
		6B4F89CE1E6E7A4700E39F08 /* LDPlazaItemModel.m */ = {isa = PBXFileReference; fileEncoding = 4; lastKnownFileType = sourcecode.c.objc; path = LDPlazaItemModel.m; sourceTree = "<group>"; };
		6B4F89D01E6E7D2600E39F08 /* LDPlazaCollectionCell.h */ = {isa = PBXFileReference; fileEncoding = 4; lastKnownFileType = sourcecode.c.h; path = LDPlazaCollectionCell.h; sourceTree = "<group>"; };
		6B4F89D11E6E7D2600E39F08 /* LDPlazaCollectionCell.m */ = {isa = PBXFileReference; fileEncoding = 4; lastKnownFileType = sourcecode.c.objc; path = LDPlazaCollectionCell.m; sourceTree = "<group>"; };
		6B4F89D21E6E7D2600E39F08 /* LDPlazaCollectionCell.xib */ = {isa = PBXFileReference; fileEncoding = 4; lastKnownFileType = file.xib; path = LDPlazaCollectionCell.xib; sourceTree = "<group>"; };
		6B4F89D71E6E869200E39F08 /* LDPlazaCell.xib */ = {isa = PBXFileReference; fileEncoding = 4; lastKnownFileType = file.xib; path = LDPlazaCell.xib; sourceTree = "<group>"; };
		6B4F89DC1E6E897800E39F08 /* test_icon.png */ = {isa = PBXFileReference; lastKnownFileType = image.png; path = test_icon.png; sourceTree = "<group>"; };
		6B4F89DE1E6E8A3900E39F08 /* banner_bestie@2x.jpg */ = {isa = PBXFileReference; lastKnownFileType = image.jpeg; path = "banner_bestie@2x.jpg"; sourceTree = "<group>"; };
		6B4F89E01E6E8A7400E39F08 /* afterEditView_find_more@2x.png */ = {isa = PBXFileReference; lastKnownFileType = image.png; path = "afterEditView_find_more@2x.png"; sourceTree = "<group>"; };
		6B4F89E11E6E8A7400E39F08 /* afterEditView_find_more@3x.png */ = {isa = PBXFileReference; lastKnownFileType = image.png; path = "afterEditView_find_more@3x.png"; sourceTree = "<group>"; };
		6B4F89E41E6E8AD200E39F08 /* LDPlazaHeaderView.h */ = {isa = PBXFileReference; fileEncoding = 4; lastKnownFileType = sourcecode.c.h; path = LDPlazaHeaderView.h; sourceTree = "<group>"; };
		6B4F89E51E6E8AD200E39F08 /* LDPlazaHeaderView.m */ = {isa = PBXFileReference; fileEncoding = 4; lastKnownFileType = sourcecode.c.objc; path = LDPlazaHeaderView.m; sourceTree = "<group>"; };
		6B4F89E71E6E8ADA00E39F08 /* LDPlazaHeaderView.xib */ = {isa = PBXFileReference; fileEncoding = 4; lastKnownFileType = file.xib; path = LDPlazaHeaderView.xib; sourceTree = "<group>"; };
		6B4F89E91E6E999900E39F08 /* LDPlazaFooterView.h */ = {isa = PBXFileReference; fileEncoding = 4; lastKnownFileType = sourcecode.c.h; path = LDPlazaFooterView.h; sourceTree = "<group>"; };
		6B4F89EA1E6E999900E39F08 /* LDPlazaFooterView.m */ = {isa = PBXFileReference; fileEncoding = 4; lastKnownFileType = sourcecode.c.objc; path = LDPlazaFooterView.m; sourceTree = "<group>"; };
		6B4F89EE1E6E9DD700E39F08 /* FMRefreshAutoFooter.h */ = {isa = PBXFileReference; fileEncoding = 4; lastKnownFileType = sourcecode.c.h; path = FMRefreshAutoFooter.h; sourceTree = "<group>"; };
		6B4F89EF1E6E9DD700E39F08 /* FMRefreshAutoFooter.m */ = {isa = PBXFileReference; fileEncoding = 4; lastKnownFileType = sourcecode.c.objc; path = FMRefreshAutoFooter.m; sourceTree = "<group>"; };
		6B6B26591E6FF91E00209D30 /* UINavigationBar+Awesome.h */ = {isa = PBXFileReference; fileEncoding = 4; lastKnownFileType = sourcecode.c.h; path = "UINavigationBar+Awesome.h"; sourceTree = "<group>"; };
		6B6B265A1E6FF91E00209D30 /* UINavigationBar+Awesome.m */ = {isa = PBXFileReference; fileEncoding = 4; lastKnownFileType = sourcecode.c.objc; path = "UINavigationBar+Awesome.m"; sourceTree = "<group>"; };
		6B6B265B1E6FF91E00209D30 /* UINavigationController+FDFullscreenPopGesture.h */ = {isa = PBXFileReference; fileEncoding = 4; lastKnownFileType = sourcecode.c.h; path = "UINavigationController+FDFullscreenPopGesture.h"; sourceTree = "<group>"; };
		6B6B265C1E6FF91E00209D30 /* UINavigationController+FDFullscreenPopGesture.m */ = {isa = PBXFileReference; fileEncoding = 4; lastKnownFileType = sourcecode.c.objc; path = "UINavigationController+FDFullscreenPopGesture.m"; sourceTree = "<group>"; };
		6B6B265E1E6FF91E00209D30 /* TYBasePageTabBar.h */ = {isa = PBXFileReference; fileEncoding = 4; lastKnownFileType = sourcecode.c.h; path = TYBasePageTabBar.h; sourceTree = "<group>"; };
		6B6B265F1E6FF91E00209D30 /* TYBasePageTabBar.m */ = {isa = PBXFileReference; fileEncoding = 4; lastKnownFileType = sourcecode.c.objc; path = TYBasePageTabBar.m; sourceTree = "<group>"; };
		6B6B26601E6FF91E00209D30 /* TYSlidePageScrollView.h */ = {isa = PBXFileReference; fileEncoding = 4; lastKnownFileType = sourcecode.c.h; path = TYSlidePageScrollView.h; sourceTree = "<group>"; };
		6B6B26611E6FF91E00209D30 /* TYSlidePageScrollView.m */ = {isa = PBXFileReference; fileEncoding = 4; lastKnownFileType = sourcecode.c.objc; path = TYSlidePageScrollView.m; sourceTree = "<group>"; };
		6B6B26621E6FF91E00209D30 /* TYSlidePageScrollViewController.h */ = {isa = PBXFileReference; fileEncoding = 4; lastKnownFileType = sourcecode.c.h; path = TYSlidePageScrollViewController.h; sourceTree = "<group>"; };
		6B6B26631E6FF91E00209D30 /* TYSlidePageScrollViewController.m */ = {isa = PBXFileReference; fileEncoding = 4; lastKnownFileType = sourcecode.c.objc; path = TYSlidePageScrollViewController.m; sourceTree = "<group>"; };
		6B6B26641E6FF91E00209D30 /* TYTitlePageTabBar.h */ = {isa = PBXFileReference; fileEncoding = 4; lastKnownFileType = sourcecode.c.h; path = TYTitlePageTabBar.h; sourceTree = "<group>"; };
		6B6B26651E6FF91E00209D30 /* TYTitlePageTabBar.m */ = {isa = PBXFileReference; fileEncoding = 4; lastKnownFileType = sourcecode.c.objc; path = TYTitlePageTabBar.m; sourceTree = "<group>"; };
		6B6B26661E6FF91E00209D30 /* UIScrollView+ty_swizzle.h */ = {isa = PBXFileReference; fileEncoding = 4; lastKnownFileType = sourcecode.c.h; path = "UIScrollView+ty_swizzle.h"; sourceTree = "<group>"; };
		6B6B26671E6FF91E00209D30 /* UIScrollView+ty_swizzle.m */ = {isa = PBXFileReference; fileEncoding = 4; lastKnownFileType = sourcecode.c.objc; path = "UIScrollView+ty_swizzle.m"; sourceTree = "<group>"; };
		6B6B266F1E6FF95600209D30 /* LDTestTableViewController.h */ = {isa = PBXFileReference; fileEncoding = 4; lastKnownFileType = sourcecode.c.h; path = LDTestTableViewController.h; sourceTree = "<group>"; };
		6B6B26701E6FF95600209D30 /* LDTestTableViewController.m */ = {isa = PBXFileReference; fileEncoding = 4; lastKnownFileType = sourcecode.c.objc; path = LDTestTableViewController.m; sourceTree = "<group>"; };
		6B6B26721E6FF96400209D30 /* LDTestCollectionViewController.h */ = {isa = PBXFileReference; fileEncoding = 4; lastKnownFileType = sourcecode.c.h; path = LDTestCollectionViewController.h; sourceTree = "<group>"; };
		6B6B26731E6FF96400209D30 /* LDTestCollectionViewController.m */ = {isa = PBXFileReference; fileEncoding = 4; lastKnownFileType = sourcecode.c.objc; path = LDTestCollectionViewController.m; sourceTree = "<group>"; };
		6B6B268D1E70040500209D30 /* test_image.png */ = {isa = PBXFileReference; lastKnownFileType = image.png; path = test_image.png; sourceTree = "<group>"; };
		6B6B26911E700DE300209D30 /* UIImage+LaunchImage.h */ = {isa = PBXFileReference; fileEncoding = 4; lastKnownFileType = sourcecode.c.h; path = "UIImage+LaunchImage.h"; sourceTree = "<group>"; };
		6B6B26921E700DE300209D30 /* UIImage+LaunchImage.m */ = {isa = PBXFileReference; fileEncoding = 4; lastKnownFileType = sourcecode.c.objc; path = "UIImage+LaunchImage.m"; sourceTree = "<group>"; };
		6B6B26941E700E3D00209D30 /* LaunchImage-700-568h@2x.png */ = {isa = PBXFileReference; lastKnownFileType = image.png; path = "LaunchImage-700-568h@2x.png"; sourceTree = "<group>"; };
		6B6B26951E700E3D00209D30 /* LaunchImage-700@2x.png */ = {isa = PBXFileReference; lastKnownFileType = image.png; path = "LaunchImage-700@2x.png"; sourceTree = "<group>"; };
		6B6B26961E700E3D00209D30 /* LaunchImage@2x.png */ = {isa = PBXFileReference; lastKnownFileType = image.png; path = "LaunchImage@2x.png"; sourceTree = "<group>"; };
		6B6B26971E700E3D00209D30 /* LaunchImage@3x.png */ = {isa = PBXFileReference; lastKnownFileType = image.png; path = "LaunchImage@3x.png"; sourceTree = "<group>"; };
		6B6B269C1E700E8500209D30 /* LDLaunchView.h */ = {isa = PBXFileReference; fileEncoding = 4; lastKnownFileType = sourcecode.c.h; path = LDLaunchView.h; sourceTree = "<group>"; };
		6B6B269D1E700E8500209D30 /* LDLaunchView.m */ = {isa = PBXFileReference; fileEncoding = 4; lastKnownFileType = sourcecode.c.objc; path = LDLaunchView.m; sourceTree = "<group>"; };
		6B6B269F1E700EEF00209D30 /* LDGlobal.h */ = {isa = PBXFileReference; lastKnownFileType = sourcecode.c.h; path = LDGlobal.h; sourceTree = "<group>"; };
		6B6B26A01E700F5300209D30 /* LDDefine_Device.h */ = {isa = PBXFileReference; lastKnownFileType = sourcecode.c.h; path = LDDefine_Device.h; sourceTree = "<group>"; };
		6B6B26A11E700F5300209D30 /* LDDefine_UI.h */ = {isa = PBXFileReference; lastKnownFileType = sourcecode.c.h; path = LDDefine_UI.h; sourceTree = "<group>"; };
		6B6B26A21E7012CA00209D30 /* LDLaunchViewManager.h */ = {isa = PBXFileReference; fileEncoding = 4; lastKnownFileType = sourcecode.c.h; path = LDLaunchViewManager.h; sourceTree = "<group>"; };
		6B6B26A31E7012CA00209D30 /* LDLaunchViewManager.m */ = {isa = PBXFileReference; fileEncoding = 4; lastKnownFileType = sourcecode.c.objc; path = LDLaunchViewManager.m; sourceTree = "<group>"; };
		6B6B26A51E70132200209D30 /* LDAdWebViewController.h */ = {isa = PBXFileReference; fileEncoding = 4; lastKnownFileType = sourcecode.c.h; path = LDAdWebViewController.h; sourceTree = "<group>"; };
		6B6B26A61E70132200209D30 /* LDAdWebViewController.m */ = {isa = PBXFileReference; fileEncoding = 4; lastKnownFileType = sourcecode.c.objc; path = LDAdWebViewController.m; sourceTree = "<group>"; };
		6B6B26A81E70134300209D30 /* LDAdModel.h */ = {isa = PBXFileReference; fileEncoding = 4; lastKnownFileType = sourcecode.c.h; path = LDAdModel.h; sourceTree = "<group>"; };
		6B6B26A91E70134300209D30 /* LDAdModel.m */ = {isa = PBXFileReference; fileEncoding = 4; lastKnownFileType = sourcecode.c.objc; path = LDAdModel.m; sourceTree = "<group>"; };
		6B6B26AB1E7013E800209D30 /* LDWebViewProgressView.h */ = {isa = PBXFileReference; fileEncoding = 4; lastKnownFileType = sourcecode.c.h; path = LDWebViewProgressView.h; sourceTree = "<group>"; };
		6B6B26AC1E7013E800209D30 /* LDWebViewProgressView.m */ = {isa = PBXFileReference; fileEncoding = 4; lastKnownFileType = sourcecode.c.objc; path = LDWebViewProgressView.m; sourceTree = "<group>"; };
		6BAE3ABB1EF0D573000D93E1 /* Caculate.h */ = {isa = PBXFileReference; fileEncoding = 4; lastKnownFileType = sourcecode.c.h; path = Caculate.h; sourceTree = "<group>"; };
		6BAE3ABC1EF0D573000D93E1 /* Caculate.m */ = {isa = PBXFileReference; fileEncoding = 4; lastKnownFileType = sourcecode.c.objc; path = Caculate.m; sourceTree = "<group>"; };
		6BAE3ABD1EF0D573000D93E1 /* CaculateMake.h */ = {isa = PBXFileReference; fileEncoding = 4; lastKnownFileType = sourcecode.c.h; path = CaculateMake.h; sourceTree = "<group>"; };
		6BAE3ABE1EF0D573000D93E1 /* CaculateMake.m */ = {isa = PBXFileReference; fileEncoding = 4; lastKnownFileType = sourcecode.c.objc; path = CaculateMake.m; sourceTree = "<group>"; };
		9EB1A4D97C1D5C06AED320DD /* Pods-Camera360.release.xcconfig */ = {isa = PBXFileReference; includeInIndex = 1; lastKnownFileType = text.xcconfig; name = "Pods-Camera360.release.xcconfig"; path = "Pods/Target Support Files/Pods-Camera360/Pods-Camera360.release.xcconfig"; sourceTree = "<group>"; };
/* End PBXFileReference section */

/* Begin PBXFrameworksBuildPhase section */
		6B4F893A1E6E47C500E39F08 /* Frameworks */ = {
			isa = PBXFrameworksBuildPhase;
			buildActionMask = 2147483647;
			files = (
				08E82146E3A245B5AD953817 /* libPods-Camera360.a in Frameworks */,
			);
			runOnlyForDeploymentPostprocessing = 0;
		};
/* End PBXFrameworksBuildPhase section */

/* Begin PBXGroup section */
		3C2E86F51580AA9B94D61E83 /* Frameworks */ = {
			isa = PBXGroup;
			children = (
				3A6F9C689900A1E6C87E5A6C /* libPods-Camera360.a */,
			);
			name = Frameworks;
			sourceTree = "<group>";
		};
		5902B63F7D4305CCFE0F7777 /* Pods */ = {
			isa = PBXGroup;
			children = (
				1F90D83245CCE01D9A8B992B /* Pods-Camera360.debug.xcconfig */,
				9EB1A4D97C1D5C06AED320DD /* Pods-Camera360.release.xcconfig */,
			);
			name = Pods;
			sourceTree = "<group>";
		};
		6B4F89341E6E47C500E39F08 = {
			isa = PBXGroup;
			children = (
				6B4F893F1E6E47C600E39F08 /* Camera360 */,
				6B4F893E1E6E47C600E39F08 /* Products */,
				5902B63F7D4305CCFE0F7777 /* Pods */,
				3C2E86F51580AA9B94D61E83 /* Frameworks */,
			);
			sourceTree = "<group>";
		};
		6B4F893E1E6E47C600E39F08 /* Products */ = {
			isa = PBXGroup;
			children = (
				6B4F893D1E6E47C600E39F08 /* Camera360.app */,
			);
			name = Products;
			sourceTree = "<group>";
		};
		6B4F893F1E6E47C600E39F08 /* Camera360 */ = {
			isa = PBXGroup;
			children = (
				6B4F89741E6E499F00E39F08 /* Classes */,
				6B4F89401E6E47C600E39F08 /* Supporting Files */,
			);
			path = Camera360;
			sourceTree = "<group>";
		};
		6B4F89401E6E47C600E39F08 /* Supporting Files */ = {
			isa = PBXGroup;
			children = (
				6B4F894C1E6E47C600E39F08 /* Assets.xcassets */,
				6B4F894E1E6E47C600E39F08 /* LaunchScreen.storyboard */,
				6B4F89511E6E47C600E39F08 /* Info.plist */,
				6B4F89C11E6E646000E39F08 /* layout.plist */,
				6B4F89411E6E47C600E39F08 /* main.m */,
				6B4F89BC1E6E4E3100E39F08 /* PrefixHeader.pch */,
			);
			name = "Supporting Files";
			sourceTree = "<group>";
		};
		6B4F89741E6E499F00E39F08 /* Classes */ = {
			isa = PBXGroup;
			children = (
				6B4F89791E6E499F00E39F08 /* Main(主要) */,
				6B4F89751E6E499F00E39F08 /* HomePage(首页) */,
				6B4F89891E6E499F00E39F08 /* Plaza(广场) */,
				6B4F897D1E6E499F00E39F08 /* Message(消息) */,
				6B4F898D1E6E499F00E39F08 /* Post(发布) */,
				6B4F89811E6E499F00E39F08 /* My(我的) */,
				6B4F89851E6E499F00E39F08 /* Other */,
			);
			path = Classes;
			sourceTree = "<group>";
		};
		6B4F89751E6E499F00E39F08 /* HomePage(首页) */ = {
			isa = PBXGroup;
			children = (
				6B4F89761E6E499F00E39F08 /* Controller */,
				6B4F89771E6E499F00E39F08 /* Model */,
				6B4F89781E6E499F00E39F08 /* View */,
			);
			name = "HomePage(首页)";
			path = HomePage;
			sourceTree = "<group>";
		};
		6B4F89761E6E499F00E39F08 /* Controller */ = {
			isa = PBXGroup;
			children = (
				6B4F89A01E6E4A2600E39F08 /* LDHomePageController.h */,
				6B4F89A11E6E4A2600E39F08 /* LDHomePageController.m */,
				6B6B266F1E6FF95600209D30 /* LDTestTableViewController.h */,
				6B6B26701E6FF95600209D30 /* LDTestTableViewController.m */,
				6B6B26721E6FF96400209D30 /* LDTestCollectionViewController.h */,
				6B6B26731E6FF96400209D30 /* LDTestCollectionViewController.m */,
			);
			path = Controller;
			sourceTree = "<group>";
		};
		6B4F89771E6E499F00E39F08 /* Model */ = {
			isa = PBXGroup;
			children = (
			);
			path = Model;
			sourceTree = "<group>";
		};
		6B4F89781E6E499F00E39F08 /* View */ = {
			isa = PBXGroup;
			children = (
			);
			path = View;
			sourceTree = "<group>";
		};
		6B4F89791E6E499F00E39F08 /* Main(主要) */ = {
			isa = PBXGroup;
			children = (
				6B4F897A1E6E499F00E39F08 /* Controller */,
				6B4F897B1E6E499F00E39F08 /* Model */,
				6B4F897C1E6E499F00E39F08 /* View */,
			);
			name = "Main(主要)";
			path = Main;
			sourceTree = "<group>";
		};
		6B4F897A1E6E499F00E39F08 /* Controller */ = {
			isa = PBXGroup;
			children = (
				6B6B26901E700A0000209D30 /* Launch */,
				6B6B268F1E7009CD00209D30 /* AD */,
				6B4F89911E6E49B400E39F08 /* LDBaseViewController.h */,
				6B4F89921E6E49B400E39F08 /* LDBaseViewController.m */,
				6B4F89941E6E49CB00E39F08 /* LDNavigationController.h */,
				6B4F89951E6E49CB00E39F08 /* LDNavigationController.m */,
				6B4F899A1E6E49FE00E39F08 /* LDTabBarController.h */,
				6B4F899B1E6E49FE00E39F08 /* LDTabBarController.m */,
			);
			path = Controller;
			sourceTree = "<group>";
		};
		6B4F897B1E6E499F00E39F08 /* Model */ = {
			isa = PBXGroup;
			children = (
			);
			path = Model;
			sourceTree = "<group>";
		};
		6B4F897C1E6E499F00E39F08 /* View */ = {
			isa = PBXGroup;
			children = (
				6B4F89EE1E6E9DD700E39F08 /* FMRefreshAutoFooter.h */,
				6B4F89EF1E6E9DD700E39F08 /* FMRefreshAutoFooter.m */,
				6B4F89B61E6E4D8E00E39F08 /* LDTabBar.h */,
				6B4F89B71E6E4D8E00E39F08 /* LDTabBar.m */,
			);
			path = View;
			sourceTree = "<group>";
		};
		6B4F897D1E6E499F00E39F08 /* Message(消息) */ = {
			isa = PBXGroup;
			children = (
				6B4F897E1E6E499F00E39F08 /* Controller */,
				6B4F897F1E6E499F00E39F08 /* Model */,
				6B4F89801E6E499F00E39F08 /* View */,
			);
			name = "Message(消息)";
			path = Message;
			sourceTree = "<group>";
		};
		6B4F897E1E6E499F00E39F08 /* Controller */ = {
			isa = PBXGroup;
			children = (
				6B4F89A31E6E4A3700E39F08 /* LDMessageController.h */,
				6B4F89A41E6E4A3700E39F08 /* LDMessageController.m */,
			);
			path = Controller;
			sourceTree = "<group>";
		};
		6B4F897F1E6E499F00E39F08 /* Model */ = {
			isa = PBXGroup;
			children = (
			);
			path = Model;
			sourceTree = "<group>";
		};
		6B4F89801E6E499F00E39F08 /* View */ = {
			isa = PBXGroup;
			children = (
			);
			path = View;
			sourceTree = "<group>";
		};
		6B4F89811E6E499F00E39F08 /* My(我的) */ = {
			isa = PBXGroup;
			children = (
				6B4F89821E6E499F00E39F08 /* Controller */,
				6B4F89831E6E499F00E39F08 /* Model */,
				6B4F89841E6E499F00E39F08 /* View */,
			);
			name = "My(我的)";
			path = My;
			sourceTree = "<group>";
		};
		6B4F89821E6E499F00E39F08 /* Controller */ = {
			isa = PBXGroup;
			children = (
				6B4F89A61E6E4A4800E39F08 /* LDMyController.h */,
				6B4F89A71E6E4A4800E39F08 /* LDMyController.m */,
			);
			path = Controller;
			sourceTree = "<group>";
		};
		6B4F89831E6E499F00E39F08 /* Model */ = {
			isa = PBXGroup;
			children = (
			);
			path = Model;
			sourceTree = "<group>";
		};
		6B4F89841E6E499F00E39F08 /* View */ = {
			isa = PBXGroup;
			children = (
			);
			path = View;
			sourceTree = "<group>";
		};
		6B4F89851E6E499F00E39F08 /* Other */ = {
			isa = PBXGroup;
			children = (
				6B4F89D91E6E895B00E39F08 /* Images */,
				6B4F89C91E6E780200E39F08 /* Configer */,
				6B4F89AF1E6E4ADF00E39F08 /* AppDelegate */,
				6B4F89861E6E499F00E39F08 /* Category */,
				6B4F89871E6E499F00E39F08 /* Utilities */,
				6B4F89881E6E499F00E39F08 /* Vendor */,
			);
			path = Other;
			sourceTree = "<group>";
		};
		6B4F89861E6E499F00E39F08 /* Category */ = {
			isa = PBXGroup;
			children = (
				6B4F89B91E6E4DEF00E39F08 /* UIView+Extension.h */,
				6B4F89BA1E6E4DEF00E39F08 /* UIView+Extension.m */,
				6B6B26911E700DE300209D30 /* UIImage+LaunchImage.h */,
				6B6B26921E700DE300209D30 /* UIImage+LaunchImage.m */,
			);
			path = Category;
			sourceTree = "<group>";
		};
		6B4F89871E6E499F00E39F08 /* Utilities */ = {
			isa = PBXGroup;
			children = (
				6B4F89B31E6E4B4100E39F08 /* ZPHMethodSwizzling.h */,
				6B4F89B41E6E4B4100E39F08 /* ZPHMethodSwizzling.m */,
			);
			path = Utilities;
			sourceTree = "<group>";
		};
		6B4F89881E6E499F00E39F08 /* Vendor */ = {
			isa = PBXGroup;
			children = (
				6BAE3ABB1EF0D573000D93E1 /* Caculate.h */,
				6BAE3ABC1EF0D573000D93E1 /* Caculate.m */,
				6BAE3ABD1EF0D573000D93E1 /* CaculateMake.h */,
				6BAE3ABE1EF0D573000D93E1 /* CaculateMake.m */,
				6B6B26581E6FF91E00209D30 /* FDFullscreenPopGesture */,
				6B6B265D1E6FF91E00209D30 /* TYSlidePageScrollView */,
				6B4F89BD1E6E603000E39F08 /* Layout */,
			);
			path = Vendor;
			sourceTree = "<group>";
		};
		6B4F89891E6E499F00E39F08 /* Plaza(广场) */ = {
			isa = PBXGroup;
			children = (
				6B4F898A1E6E499F00E39F08 /* Controller */,
				6B4F898B1E6E499F00E39F08 /* Model */,
				6B4F898C1E6E499F00E39F08 /* View */,
			);
			name = "Plaza(广场)";
			path = Plaza;
			sourceTree = "<group>";
		};
		6B4F898A1E6E499F00E39F08 /* Controller */ = {
			isa = PBXGroup;
			children = (
				6B4F89A91E6E4A6200E39F08 /* LDPlazaController.h */,
				6B4F89AA1E6E4A6200E39F08 /* LDPlazaController.m */,
			);
			path = Controller;
			sourceTree = "<group>";
		};
		6B4F898B1E6E499F00E39F08 /* Model */ = {
			isa = PBXGroup;
			children = (
				6B4F89CD1E6E7A4700E39F08 /* LDPlazaItemModel.h */,
				6B4F89CE1E6E7A4700E39F08 /* LDPlazaItemModel.m */,
			);
			path = Model;
			sourceTree = "<group>";
		};
		6B4F898C1E6E499F00E39F08 /* View */ = {
			isa = PBXGroup;
			children = (
				6B4F89C61E6E77CE00E39F08 /* LDPlazaCell.h */,
				6B4F89C71E6E77CE00E39F08 /* LDPlazaCell.m */,
				6B4F89D71E6E869200E39F08 /* LDPlazaCell.xib */,
				6B4F89D01E6E7D2600E39F08 /* LDPlazaCollectionCell.h */,
				6B4F89D11E6E7D2600E39F08 /* LDPlazaCollectionCell.m */,
				6B4F89D21E6E7D2600E39F08 /* LDPlazaCollectionCell.xib */,
				6B4F89E41E6E8AD200E39F08 /* LDPlazaHeaderView.h */,
				6B4F89E51E6E8AD200E39F08 /* LDPlazaHeaderView.m */,
				6B4F89E71E6E8ADA00E39F08 /* LDPlazaHeaderView.xib */,
				6B4F89E91E6E999900E39F08 /* LDPlazaFooterView.h */,
				6B4F89EA1E6E999900E39F08 /* LDPlazaFooterView.m */,
			);
			path = View;
			sourceTree = "<group>";
		};
		6B4F898D1E6E499F00E39F08 /* Post(发布) */ = {
			isa = PBXGroup;
			children = (
				6B4F898E1E6E499F00E39F08 /* Controller */,
				6B4F898F1E6E499F00E39F08 /* Model */,
				6B4F89901E6E499F00E39F08 /* View */,
			);
			name = "Post(发布)";
			path = Post;
			sourceTree = "<group>";
		};
		6B4F898E1E6E499F00E39F08 /* Controller */ = {
			isa = PBXGroup;
			children = (
				6B4F89AC1E6E4A7300E39F08 /* LDPostController.h */,
				6B4F89AD1E6E4A7300E39F08 /* LDPostController.m */,
			);
			path = Controller;
			sourceTree = "<group>";
		};
		6B4F898F1E6E499F00E39F08 /* Model */ = {
			isa = PBXGroup;
			children = (
			);
			path = Model;
			sourceTree = "<group>";
		};
		6B4F89901E6E499F00E39F08 /* View */ = {
			isa = PBXGroup;
			children = (
			);
			path = View;
			sourceTree = "<group>";
		};
		6B4F89AF1E6E4ADF00E39F08 /* AppDelegate */ = {
			isa = PBXGroup;
			children = (
				6B4F89431E6E47C600E39F08 /* AppDelegate.h */,
				6B4F89441E6E47C600E39F08 /* AppDelegate.m */,
			);
			path = AppDelegate;
			sourceTree = "<group>";
		};
		6B4F89BD1E6E603000E39F08 /* Layout */ = {
			isa = PBXGroup;
			children = (
				6B4F89BE1E6E603000E39F08 /* CHTCollectionViewWaterfallLayout.h */,
				6B4F89BF1E6E603000E39F08 /* CHTCollectionViewWaterfallLayout.m */,
			);
			path = Layout;
			sourceTree = "<group>";
		};
		6B4F89C91E6E780200E39F08 /* Configer */ = {
			isa = PBXGroup;
			children = (
				6B6B26A01E700F5300209D30 /* LDDefine_Device.h */,
				6B6B26A11E700F5300209D30 /* LDDefine_UI.h */,
				6B4F89CA1E6E782300E39F08 /* LDIdentifierNames.h */,
				6B4F89CB1E6E782300E39F08 /* LDIdentifierNames.m */,
				6B6B269F1E700EEF00209D30 /* LDGlobal.h */,
			);
			path = Configer;
			sourceTree = "<group>";
		};
		6B4F89D91E6E895B00E39F08 /* Images */ = {
			isa = PBXGroup;
			children = (
				6B6B26941E700E3D00209D30 /* LaunchImage-700-568h@2x.png */,
				6B6B26951E700E3D00209D30 /* LaunchImage-700@2x.png */,
				6B6B26961E700E3D00209D30 /* LaunchImage@2x.png */,
				6B6B26971E700E3D00209D30 /* LaunchImage@3x.png */,
				6B6B268D1E70040500209D30 /* test_image.png */,
				6B4F89DE1E6E8A3900E39F08 /* banner_bestie@2x.jpg */,
				6B4F89DC1E6E897800E39F08 /* test_icon.png */,
				6B4F89E01E6E8A7400E39F08 /* afterEditView_find_more@2x.png */,
				6B4F89E11E6E8A7400E39F08 /* afterEditView_find_more@3x.png */,
			);
			path = Images;
			sourceTree = "<group>";
		};
		6B6B26581E6FF91E00209D30 /* FDFullscreenPopGesture */ = {
			isa = PBXGroup;
			children = (
				6B6B26591E6FF91E00209D30 /* UINavigationBar+Awesome.h */,
				6B6B265A1E6FF91E00209D30 /* UINavigationBar+Awesome.m */,
				6B6B265B1E6FF91E00209D30 /* UINavigationController+FDFullscreenPopGesture.h */,
				6B6B265C1E6FF91E00209D30 /* UINavigationController+FDFullscreenPopGesture.m */,
			);
			path = FDFullscreenPopGesture;
			sourceTree = "<group>";
		};
		6B6B265D1E6FF91E00209D30 /* TYSlidePageScrollView */ = {
			isa = PBXGroup;
			children = (
				6B6B265E1E6FF91E00209D30 /* TYBasePageTabBar.h */,
				6B6B265F1E6FF91E00209D30 /* TYBasePageTabBar.m */,
				6B6B26601E6FF91E00209D30 /* TYSlidePageScrollView.h */,
				6B6B26611E6FF91E00209D30 /* TYSlidePageScrollView.m */,
				6B6B26621E6FF91E00209D30 /* TYSlidePageScrollViewController.h */,
				6B6B26631E6FF91E00209D30 /* TYSlidePageScrollViewController.m */,
				6B6B26641E6FF91E00209D30 /* TYTitlePageTabBar.h */,
				6B6B26651E6FF91E00209D30 /* TYTitlePageTabBar.m */,
				6B6B26661E6FF91E00209D30 /* UIScrollView+ty_swizzle.h */,
				6B6B26671E6FF91E00209D30 /* UIScrollView+ty_swizzle.m */,
			);
			path = TYSlidePageScrollView;
			sourceTree = "<group>";
		};
		6B6B268F1E7009CD00209D30 /* AD */ = {
			isa = PBXGroup;
			children = (
				6B6B26A51E70132200209D30 /* LDAdWebViewController.h */,
				6B6B26A61E70132200209D30 /* LDAdWebViewController.m */,
				6B6B26A81E70134300209D30 /* LDAdModel.h */,
				6B6B26A91E70134300209D30 /* LDAdModel.m */,
				6B6B26AB1E7013E800209D30 /* LDWebViewProgressView.h */,
				6B6B26AC1E7013E800209D30 /* LDWebViewProgressView.m */,
			);
			path = AD;
			sourceTree = "<group>";
		};
		6B6B26901E700A0000209D30 /* Launch */ = {
			isa = PBXGroup;
			children = (
				6B6B269C1E700E8500209D30 /* LDLaunchView.h */,
				6B6B269D1E700E8500209D30 /* LDLaunchView.m */,
				6B6B26A21E7012CA00209D30 /* LDLaunchViewManager.h */,
				6B6B26A31E7012CA00209D30 /* LDLaunchViewManager.m */,
			);
			path = Launch;
			sourceTree = "<group>";
		};
/* End PBXGroup section */

/* Begin PBXNativeTarget section */
		6B4F893C1E6E47C500E39F08 /* Camera360 */ = {
			isa = PBXNativeTarget;
			buildConfigurationList = 6B4F89541E6E47C600E39F08 /* Build configuration list for PBXNativeTarget "Camera360" */;
			buildPhases = (
				E2012CD7C370DB84A5FD7487 /* [CP] Check Pods Manifest.lock */,
				6B4F89391E6E47C500E39F08 /* Sources */,
				6B4F893A1E6E47C500E39F08 /* Frameworks */,
				6B4F893B1E6E47C500E39F08 /* Resources */,
				EF920E7868ADAFD5DA4A494C /* [CP] Embed Pods Frameworks */,
				46D29A7F8112984E045C0C47 /* [CP] Copy Pods Resources */,
			);
			buildRules = (
			);
			dependencies = (
			);
			name = Camera360;
			productName = Camera360;
			productReference = 6B4F893D1E6E47C600E39F08 /* Camera360.app */;
			productType = "com.apple.product-type.application";
		};
/* End PBXNativeTarget section */

/* Begin PBXProject section */
		6B4F89351E6E47C500E39F08 /* Project object */ = {
			isa = PBXProject;
			attributes = {
				CLASSPREFIX = LD;
				LastUpgradeCheck = 0820;
				ORGANIZATIONNAME = "文刂Rn";
				TargetAttributes = {
					6B4F893C1E6E47C500E39F08 = {
						CreatedOnToolsVersion = 8.2;
						DevelopmentTeam = B5UXG3YX89;
						ProvisioningStyle = Automatic;
					};
				};
			};
			buildConfigurationList = 6B4F89381E6E47C500E39F08 /* Build configuration list for PBXProject "Camera360" */;
			compatibilityVersion = "Xcode 3.2";
			developmentRegion = English;
			hasScannedForEncodings = 0;
			knownRegions = (
				en,
				Base,
			);
			mainGroup = 6B4F89341E6E47C500E39F08;
			productRefGroup = 6B4F893E1E6E47C600E39F08 /* Products */;
			projectDirPath = "";
			projectRoot = "";
			targets = (
				6B4F893C1E6E47C500E39F08 /* Camera360 */,
			);
		};
/* End PBXProject section */

/* Begin PBXResourcesBuildPhase section */
		6B4F893B1E6E47C500E39F08 /* Resources */ = {
			isa = PBXResourcesBuildPhase;
			buildActionMask = 2147483647;
			files = (
				6B6B268E1E70040500209D30 /* test_image.png in Resources */,
				6B4F89E21E6E8A7400E39F08 /* afterEditView_find_more@2x.png in Resources */,
				6B6B26981E700E3D00209D30 /* LaunchImage-700-568h@2x.png in Resources */,
				6B4F89E81E6E8ADA00E39F08 /* LDPlazaHeaderView.xib in Resources */,
				6B6B26991E700E3D00209D30 /* LaunchImage-700@2x.png in Resources */,
				6B4F89501E6E47C600E39F08 /* LaunchScreen.storyboard in Resources */,
				6B4F89DF1E6E8A3900E39F08 /* banner_bestie@2x.jpg in Resources */,
				6B6B269A1E700E3D00209D30 /* LaunchImage@2x.png in Resources */,
				6B4F89DD1E6E897800E39F08 /* test_icon.png in Resources */,
				6B4F89E31E6E8A7400E39F08 /* afterEditView_find_more@3x.png in Resources */,
				6B4F89D81E6E869200E39F08 /* LDPlazaCell.xib in Resources */,
				6B4F89D41E6E7D2600E39F08 /* LDPlazaCollectionCell.xib in Resources */,
				6B4F894D1E6E47C600E39F08 /* Assets.xcassets in Resources */,
				6B6B269B1E700E3D00209D30 /* LaunchImage@3x.png in Resources */,
				6B4F89C21E6E646000E39F08 /* layout.plist in Resources */,
			);
			runOnlyForDeploymentPostprocessing = 0;
		};
/* End PBXResourcesBuildPhase section */

/* Begin PBXShellScriptBuildPhase section */
		46D29A7F8112984E045C0C47 /* [CP] Copy Pods Resources */ = {
			isa = PBXShellScriptBuildPhase;
			buildActionMask = 2147483647;
			files = (
			);
			inputPaths = (
			);
			name = "[CP] Copy Pods Resources";
			outputPaths = (
			);
			runOnlyForDeploymentPostprocessing = 0;
			shellPath = /bin/sh;
			shellScript = "\"${SRCROOT}/Pods/Target Support Files/Pods-Camera360/Pods-Camera360-resources.sh\"\n";
			showEnvVarsInLog = 0;
		};
		E2012CD7C370DB84A5FD7487 /* [CP] Check Pods Manifest.lock */ = {
			isa = PBXShellScriptBuildPhase;
			buildActionMask = 2147483647;
			files = (
			);
			inputPaths = (
			);
			name = "[CP] Check Pods Manifest.lock";
			outputPaths = (
			);
			runOnlyForDeploymentPostprocessing = 0;
			shellPath = /bin/sh;
			shellScript = "diff \"${PODS_ROOT}/../Podfile.lock\" \"${PODS_ROOT}/Manifest.lock\" > /dev/null\nif [ $? != 0 ] ; then\n    # print error to STDERR\n    echo \"error: The sandbox is not in sync with the Podfile.lock. Run 'pod install' or update your CocoaPods installation.\" >&2\n    exit 1\nfi\n";
			showEnvVarsInLog = 0;
		};
		EF920E7868ADAFD5DA4A494C /* [CP] Embed Pods Frameworks */ = {
			isa = PBXShellScriptBuildPhase;
			buildActionMask = 2147483647;
			files = (
			);
			inputPaths = (
			);
			name = "[CP] Embed Pods Frameworks";
			outputPaths = (
			);
			runOnlyForDeploymentPostprocessing = 0;
			shellPath = /bin/sh;
			shellScript = "\"${SRCROOT}/Pods/Target Support Files/Pods-Camera360/Pods-Camera360-frameworks.sh\"\n";
			showEnvVarsInLog = 0;
		};
/* End PBXShellScriptBuildPhase section */

/* Begin PBXSourcesBuildPhase section */
		6B4F89391E6E47C500E39F08 /* Sources */ = {
			isa = PBXSourcesBuildPhase;
			buildActionMask = 2147483647;
			files = (
				6B6B26AA1E70134300209D30 /* LDAdModel.m in Sources */,
				6B6B26A41E7012CA00209D30 /* LDLaunchViewManager.m in Sources */,
				6B4F89BB1E6E4DEF00E39F08 /* UIView+Extension.m in Sources */,
				6BAE3AC01EF0D573000D93E1 /* CaculateMake.m in Sources */,
				6B4F89961E6E49CB00E39F08 /* LDNavigationController.m in Sources */,
				6B4F89C81E6E77CE00E39F08 /* LDPlazaCell.m in Sources */,
				6B6B26741E6FF96400209D30 /* LDTestCollectionViewController.m in Sources */,
				6B4F89F01E6E9DD700E39F08 /* FMRefreshAutoFooter.m in Sources */,
				6B4F89A81E6E4A4800E39F08 /* LDMyController.m in Sources */,
				6B4F89D31E6E7D2600E39F08 /* LDPlazaCollectionCell.m in Sources */,
				6B4F89C01E6E603000E39F08 /* CHTCollectionViewWaterfallLayout.m in Sources */,
				6B6B266C1E6FF91E00209D30 /* TYSlidePageScrollViewController.m in Sources */,
				6B4F89AB1E6E4A6200E39F08 /* LDPlazaController.m in Sources */,
				6B4F899C1E6E49FE00E39F08 /* LDTabBarController.m in Sources */,
				6B6B26A71E70132200209D30 /* LDAdWebViewController.m in Sources */,
				6BAE3ABF1EF0D573000D93E1 /* Caculate.m in Sources */,
				6B4F89CF1E6E7A4700E39F08 /* LDPlazaItemModel.m in Sources */,
				6B4F89CC1E6E782300E39F08 /* LDIdentifierNames.m in Sources */,
				6B4F89451E6E47C600E39F08 /* AppDelegate.m in Sources */,
				6B4F89AE1E6E4A7300E39F08 /* LDPostController.m in Sources */,
				6B6B269E1E700E8500209D30 /* LDLaunchView.m in Sources */,
				6B6B26AD1E7013E800209D30 /* LDWebViewProgressView.m in Sources */,
				6B6B26931E700DE300209D30 /* UIImage+LaunchImage.m in Sources */,
				6B4F89A51E6E4A3700E39F08 /* LDMessageController.m in Sources */,
				6B4F89931E6E49B400E39F08 /* LDBaseViewController.m in Sources */,
				6B6B26691E6FF91E00209D30 /* UINavigationController+FDFullscreenPopGesture.m in Sources */,
				6B4F89EB1E6E999900E39F08 /* LDPlazaFooterView.m in Sources */,
				6B6B26711E6FF95600209D30 /* LDTestTableViewController.m in Sources */,
				6B6B266D1E6FF91E00209D30 /* TYTitlePageTabBar.m in Sources */,
				6B6B266E1E6FF91E00209D30 /* UIScrollView+ty_swizzle.m in Sources */,
				6B4F89B81E6E4D8E00E39F08 /* LDTabBar.m in Sources */,
				6B6B266B1E6FF91E00209D30 /* TYSlidePageScrollView.m in Sources */,
				6B4F89B51E6E4B4100E39F08 /* ZPHMethodSwizzling.m in Sources */,
				6B4F89E61E6E8AD200E39F08 /* LDPlazaHeaderView.m in Sources */,
				6B6B26681E6FF91E00209D30 /* UINavigationBar+Awesome.m in Sources */,
				6B4F89421E6E47C600E39F08 /* main.m in Sources */,
				6B6B266A1E6FF91E00209D30 /* TYBasePageTabBar.m in Sources */,
				6B4F89A21E6E4A2600E39F08 /* LDHomePageController.m in Sources */,
			);
			runOnlyForDeploymentPostprocessing = 0;
		};
/* End PBXSourcesBuildPhase section */

/* Begin PBXVariantGroup section */
		6B4F894E1E6E47C600E39F08 /* LaunchScreen.storyboard */ = {
			isa = PBXVariantGroup;
			children = (
				6B4F894F1E6E47C600E39F08 /* Base */,
			);
			name = LaunchScreen.storyboard;
			sourceTree = "<group>";
		};
/* End PBXVariantGroup section */

/* Begin XCBuildConfiguration section */
		6B4F89521E6E47C600E39F08 /* Debug */ = {
			isa = XCBuildConfiguration;
			buildSettings = {
				ALWAYS_SEARCH_USER_PATHS = NO;
				CLANG_ANALYZER_NONNULL = YES;
				CLANG_CXX_LANGUAGE_STANDARD = "gnu++0x";
				CLANG_CXX_LIBRARY = "libc++";
				CLANG_ENABLE_MODULES = YES;
				CLANG_ENABLE_OBJC_ARC = YES;
				CLANG_WARN_BOOL_CONVERSION = YES;
				CLANG_WARN_CONSTANT_CONVERSION = YES;
				CLANG_WARN_DIRECT_OBJC_ISA_USAGE = YES_ERROR;
				CLANG_WARN_DOCUMENTATION_COMMENTS = YES;
				CLANG_WARN_EMPTY_BODY = YES;
				CLANG_WARN_ENUM_CONVERSION = YES;
				CLANG_WARN_INFINITE_RECURSION = YES;
				CLANG_WARN_INT_CONVERSION = YES;
				CLANG_WARN_OBJC_ROOT_CLASS = YES_ERROR;
				CLANG_WARN_SUSPICIOUS_MOVE = YES;
				CLANG_WARN_UNREACHABLE_CODE = YES;
				CLANG_WARN__DUPLICATE_METHOD_MATCH = YES;
				"CODE_SIGN_IDENTITY[sdk=iphoneos*]" = "iPhone Developer";
				COPY_PHASE_STRIP = NO;
				DEBUG_INFORMATION_FORMAT = dwarf;
				ENABLE_STRICT_OBJC_MSGSEND = YES;
				ENABLE_TESTABILITY = YES;
				GCC_C_LANGUAGE_STANDARD = gnu99;
				GCC_DYNAMIC_NO_PIC = NO;
				GCC_NO_COMMON_BLOCKS = YES;
				GCC_OPTIMIZATION_LEVEL = 0;
				GCC_PREPROCESSOR_DEFINITIONS = (
					"DEBUG=1",
					"$(inherited)",
				);
				GCC_WARN_64_TO_32_BIT_CONVERSION = YES;
				GCC_WARN_ABOUT_RETURN_TYPE = YES_ERROR;
				GCC_WARN_UNDECLARED_SELECTOR = YES;
				GCC_WARN_UNINITIALIZED_AUTOS = YES_AGGRESSIVE;
				GCC_WARN_UNUSED_FUNCTION = YES;
				GCC_WARN_UNUSED_VARIABLE = YES;
				IPHONEOS_DEPLOYMENT_TARGET = 8.0;
				MTL_ENABLE_DEBUG_INFO = YES;
				ONLY_ACTIVE_ARCH = YES;
				SDKROOT = iphoneos;
			};
			name = Debug;
		};
		6B4F89531E6E47C600E39F08 /* Release */ = {
			isa = XCBuildConfiguration;
			buildSettings = {
				ALWAYS_SEARCH_USER_PATHS = NO;
				CLANG_ANALYZER_NONNULL = YES;
				CLANG_CXX_LANGUAGE_STANDARD = "gnu++0x";
				CLANG_CXX_LIBRARY = "libc++";
				CLANG_ENABLE_MODULES = YES;
				CLANG_ENABLE_OBJC_ARC = YES;
				CLANG_WARN_BOOL_CONVERSION = YES;
				CLANG_WARN_CONSTANT_CONVERSION = YES;
				CLANG_WARN_DIRECT_OBJC_ISA_USAGE = YES_ERROR;
				CLANG_WARN_DOCUMENTATION_COMMENTS = YES;
				CLANG_WARN_EMPTY_BODY = YES;
				CLANG_WARN_ENUM_CONVERSION = YES;
				CLANG_WARN_INFINITE_RECURSION = YES;
				CLANG_WARN_INT_CONVERSION = YES;
				CLANG_WARN_OBJC_ROOT_CLASS = YES_ERROR;
				CLANG_WARN_SUSPICIOUS_MOVE = YES;
				CLANG_WARN_UNREACHABLE_CODE = YES;
				CLANG_WARN__DUPLICATE_METHOD_MATCH = YES;
				"CODE_SIGN_IDENTITY[sdk=iphoneos*]" = "iPhone Developer";
				COPY_PHASE_STRIP = NO;
				DEBUG_INFORMATION_FORMAT = "dwarf-with-dsym";
				ENABLE_NS_ASSERTIONS = NO;
				ENABLE_STRICT_OBJC_MSGSEND = YES;
				GCC_C_LANGUAGE_STANDARD = gnu99;
				GCC_NO_COMMON_BLOCKS = YES;
				GCC_WARN_64_TO_32_BIT_CONVERSION = YES;
				GCC_WARN_ABOUT_RETURN_TYPE = YES_ERROR;
				GCC_WARN_UNDECLARED_SELECTOR = YES;
				GCC_WARN_UNINITIALIZED_AUTOS = YES_AGGRESSIVE;
				GCC_WARN_UNUSED_FUNCTION = YES;
				GCC_WARN_UNUSED_VARIABLE = YES;
				IPHONEOS_DEPLOYMENT_TARGET = 8.0;
				MTL_ENABLE_DEBUG_INFO = NO;
				SDKROOT = iphoneos;
				VALIDATE_PRODUCT = YES;
			};
			name = Release;
		};
		6B4F89551E6E47C600E39F08 /* Debug */ = {
			isa = XCBuildConfiguration;
			baseConfigurationReference = 1F90D83245CCE01D9A8B992B /* Pods-Camera360.debug.xcconfig */;
			buildSettings = {
				ASSETCATALOG_COMPILER_APPICON_NAME = AppIcon;
				DEVELOPMENT_TEAM = B5UXG3YX89;
				GCC_PREFIX_HEADER = "$(SRCROOT)/Camera360/PrefixHeader.pch";
				INFOPLIST_FILE = Camera360/Info.plist;
				LD_RUNPATH_SEARCH_PATHS = "$(inherited) @executable_path/Frameworks";
				PRODUCT_BUNDLE_IDENTIFIER = cn.com.xfsrn.www;
				PRODUCT_NAME = "$(TARGET_NAME)";
			};
			name = Debug;
		};
		6B4F89561E6E47C600E39F08 /* Release */ = {
			isa = XCBuildConfiguration;
			baseConfigurationReference = 9EB1A4D97C1D5C06AED320DD /* Pods-Camera360.release.xcconfig */;
			buildSettings = {
				ASSETCATALOG_COMPILER_APPICON_NAME = AppIcon;
				DEVELOPMENT_TEAM = B5UXG3YX89;
				GCC_PREFIX_HEADER = "$(SRCROOT)/Camera360/PrefixHeader.pch";
				INFOPLIST_FILE = Camera360/Info.plist;
				LD_RUNPATH_SEARCH_PATHS = "$(inherited) @executable_path/Frameworks";
				PRODUCT_BUNDLE_IDENTIFIER = cn.com.xfsrn.www;
				PRODUCT_NAME = "$(TARGET_NAME)";
			};
			name = Release;
		};
/* End XCBuildConfiguration section */

/* Begin XCConfigurationList section */
		6B4F89381E6E47C500E39F08 /* Build configuration list for PBXProject "Camera360" */ = {
			isa = XCConfigurationList;
			buildConfigurations = (
				6B4F89521E6E47C600E39F08 /* Debug */,
				6B4F89531E6E47C600E39F08 /* Release */,
			);
			defaultConfigurationIsVisible = 0;
			defaultConfigurationName = Release;
		};
		6B4F89541E6E47C600E39F08 /* Build configuration list for PBXNativeTarget "Camera360" */ = {
			isa = XCConfigurationList;
			buildConfigurations = (
				6B4F89551E6E47C600E39F08 /* Debug */,
				6B4F89561E6E47C600E39F08 /* Release */,
			);
			defaultConfigurationIsVisible = 0;
			defaultConfigurationName = Release;
		};
/* End XCConfigurationList section */
	};
	rootObject = 6B4F89351E6E47C500E39F08 /* Project object */;
}
